// !$*UTF8*$!
{
	archiveVersion = 1;
	classes = {
	};
	objectVersion = 56;
	objects = {

/* Begin PBXBuildFile section */
		12487D72299AD94900FD8F53 /* AppDelegate.swift in Sources */ = {isa = PBXBuildFile; fileRef = 12487D71299AD94900FD8F53 /* AppDelegate.swift */; };
		12487D74299AD94900FD8F53 /* SceneDelegate.swift in Sources */ = {isa = PBXBuildFile; fileRef = 12487D73299AD94900FD8F53 /* SceneDelegate.swift */; };
		12487D76299AD94900FD8F53 /* HomeViewController.swift in Sources */ = {isa = PBXBuildFile; fileRef = 12487D75299AD94900FD8F53 /* HomeViewController.swift */; };
		12487D79299AD94900FD8F53 /* Main.storyboard in Resources */ = {isa = PBXBuildFile; fileRef = 12487D77299AD94900FD8F53 /* Main.storyboard */; };
		12487D7C299AD94900FD8F53 /* Recipe_iOS.xcdatamodeld in Sources */ = {isa = PBXBuildFile; fileRef = 12487D7A299AD94900FD8F53 /* Recipe_iOS.xcdatamodeld */; };
		12487D7E299AD94900FD8F53 /* Assets.xcassets in Resources */ = {isa = PBXBuildFile; fileRef = 12487D7D299AD94900FD8F53 /* Assets.xcassets */; };
		12487D81299AD94900FD8F53 /* LaunchScreen.storyboard in Resources */ = {isa = PBXBuildFile; fileRef = 12487D7F299AD94900FD8F53 /* LaunchScreen.storyboard */; };
		12E3FC90299AED3D00AC3077 /* RecipeListViewController.swift in Sources */ = {isa = PBXBuildFile; fileRef = 12E3FC8F299AED3D00AC3077 /* RecipeListViewController.swift */; };
		12E3FC92299AED5400AC3077 /* IngredientListViewController.swift in Sources */ = {isa = PBXBuildFile; fileRef = 12E3FC91299AED5400AC3077 /* IngredientListViewController.swift */; };
		12E3FC94299AEF5D00AC3077 /* DbClient.swift in Sources */ = {isa = PBXBuildFile; fileRef = 12E3FC93299AEF5D00AC3077 /* DbClient.swift */; };
		12E3FC97299AF2AD00AC3077 /* K.swift in Sources */ = {isa = PBXBuildFile; fileRef = 12E3FC96299AF2AD00AC3077 /* K.swift */; };
/* End PBXBuildFile section */

/* Begin PBXFileReference section */
		12487D6E299AD94900FD8F53 /* Recipe-iOS.app */ = {isa = PBXFileReference; explicitFileType = wrapper.application; includeInIndex = 0; path = "Recipe-iOS.app"; sourceTree = BUILT_PRODUCTS_DIR; };
		12487D71299AD94900FD8F53 /* AppDelegate.swift */ = {isa = PBXFileReference; lastKnownFileType = sourcecode.swift; path = AppDelegate.swift; sourceTree = "<group>"; };
		12487D73299AD94900FD8F53 /* SceneDelegate.swift */ = {isa = PBXFileReference; lastKnownFileType = sourcecode.swift; path = SceneDelegate.swift; sourceTree = "<group>"; };
		12487D75299AD94900FD8F53 /* HomeViewController.swift */ = {isa = PBXFileReference; lastKnownFileType = sourcecode.swift; path = HomeViewController.swift; sourceTree = "<group>"; };
		12487D78299AD94900FD8F53 /* Base */ = {isa = PBXFileReference; lastKnownFileType = file.storyboard; name = Base; path = Base.lproj/Main.storyboard; sourceTree = "<group>"; };
		12487D7B299AD94900FD8F53 /* Recipe_iOS.xcdatamodel */ = {isa = PBXFileReference; lastKnownFileType = wrapper.xcdatamodel; path = Recipe_iOS.xcdatamodel; sourceTree = "<group>"; };
		12487D7D299AD94900FD8F53 /* Assets.xcassets */ = {isa = PBXFileReference; lastKnownFileType = folder.assetcatalog; path = Assets.xcassets; sourceTree = "<group>"; };
		12487D80299AD94900FD8F53 /* Base */ = {isa = PBXFileReference; lastKnownFileType = file.storyboard; name = Base; path = Base.lproj/LaunchScreen.storyboard; sourceTree = "<group>"; };
		12487D82299AD94900FD8F53 /* Info.plist */ = {isa = PBXFileReference; lastKnownFileType = text.plist.xml; path = Info.plist; sourceTree = "<group>"; };
		12E3FC8F299AED3D00AC3077 /* RecipeListViewController.swift */ = {isa = PBXFileReference; lastKnownFileType = sourcecode.swift; path = RecipeListViewController.swift; sourceTree = "<group>"; };
		12E3FC91299AED5400AC3077 /* IngredientListViewController.swift */ = {isa = PBXFileReference; lastKnownFileType = sourcecode.swift; path = IngredientListViewController.swift; sourceTree = "<group>"; };
		12E3FC93299AEF5D00AC3077 /* DbClient.swift */ = {isa = PBXFileReference; lastKnownFileType = sourcecode.swift; path = DbClient.swift; sourceTree = "<group>"; };
		12E3FC96299AF2AD00AC3077 /* K.swift */ = {isa = PBXFileReference; lastKnownFileType = sourcecode.swift; path = K.swift; sourceTree = "<group>"; };
/* End PBXFileReference section */

/* Begin PBXFrameworksBuildPhase section */
		12487D6B299AD94900FD8F53 /* Frameworks */ = {
			isa = PBXFrameworksBuildPhase;
			buildActionMask = 2147483647;
			files = (
			);
			runOnlyForDeploymentPostprocessing = 0;
		};
/* End PBXFrameworksBuildPhase section */

/* Begin PBXGroup section */
		12487D65299AD94900FD8F53 = {
			isa = PBXGroup;
			children = (
				12487D70299AD94900FD8F53 /* Recipe-iOS */,
				12487D6F299AD94900FD8F53 /* Products */,
			);
			sourceTree = "<group>";
		};
		12487D6F299AD94900FD8F53 /* Products */ = {
			isa = PBXGroup;
			children = (
				12487D6E299AD94900FD8F53 /* Recipe-iOS.app */,
			);
			name = Products;
			sourceTree = "<group>";
		};
		12487D70299AD94900FD8F53 /* Recipe-iOS */ = {
			isa = PBXGroup;
			children = (
				12487D71299AD94900FD8F53 /* AppDelegate.swift */,
				12E3FC96299AF2AD00AC3077 /* K.swift */,
				12487D73299AD94900FD8F53 /* SceneDelegate.swift */,
				12E3FC95299AEF6C00AC3077 /* model */,
				12487D89299ADCE400FD8F53 /* controllers */,
				12487D88299ADCCE00FD8F53 /* views */,
				12487D7D299AD94900FD8F53 /* Assets.xcassets */,
				12487D82299AD94900FD8F53 /* Info.plist */,
			);
			path = "Recipe-iOS";
			sourceTree = "<group>";
		};
		12487D88299ADCCE00FD8F53 /* views */ = {
			isa = PBXGroup;
			children = (
				12487D77299AD94900FD8F53 /* Main.storyboard */,
				12487D7F299AD94900FD8F53 /* LaunchScreen.storyboard */,
			);
			path = views;
			sourceTree = "<group>";
		};
		12487D89299ADCE400FD8F53 /* controllers */ = {
			isa = PBXGroup;
			children = (
				12487D75299AD94900FD8F53 /* HomeViewController.swift */,
				12E3FC8F299AED3D00AC3077 /* RecipeListViewController.swift */,
				12E3FC91299AED5400AC3077 /* IngredientListViewController.swift */,
			);
			path = controllers;
			sourceTree = "<group>";
		};
		12E3FC95299AEF6C00AC3077 /* model */ = {
			isa = PBXGroup;
			children = (
				12E3FC93299AEF5D00AC3077 /* DbClient.swift */,
				12487D7A299AD94900FD8F53 /* Recipe_iOS.xcdatamodeld */,
			);
			path = model;
			sourceTree = "<group>";
		};
/* End PBXGroup section */

/* Begin PBXNativeTarget section */
		12487D6D299AD94900FD8F53 /* Recipe-iOS */ = {
			isa = PBXNativeTarget;
			buildConfigurationList = 12487D85299AD94900FD8F53 /* Build configuration list for PBXNativeTarget "Recipe-iOS" */;
			buildPhases = (
				12487D6A299AD94900FD8F53 /* Sources */,
				12487D6B299AD94900FD8F53 /* Frameworks */,
				12487D6C299AD94900FD8F53 /* Resources */,
			);
			buildRules = (
			);
			dependencies = (
			);
			name = "Recipe-iOS";
			productName = "Recipe-iOS";
			productReference = 12487D6E299AD94900FD8F53 /* Recipe-iOS.app */;
			productType = "com.apple.product-type.application";
		};
/* End PBXNativeTarget section */

/* Begin PBXProject section */
		12487D66299AD94900FD8F53 /* Project object */ = {
			isa = PBXProject;
			attributes = {
				BuildIndependentTargetsInParallel = 1;
				LastSwiftUpdateCheck = 1420;
				LastUpgradeCheck = 1420;
				TargetAttributes = {
					12487D6D299AD94900FD8F53 = {
						CreatedOnToolsVersion = 14.2;
					};
				};
			};
			buildConfigurationList = 12487D69299AD94900FD8F53 /* Build configuration list for PBXProject "Recipe-iOS" */;
			compatibilityVersion = "Xcode 14.0";
			developmentRegion = en;
			hasScannedForEncodings = 0;
			knownRegions = (
				en,
				Base,
			);
			mainGroup = 12487D65299AD94900FD8F53;
			productRefGroup = 12487D6F299AD94900FD8F53 /* Products */;
			projectDirPath = "";
			projectRoot = "";
			targets = (
				12487D6D299AD94900FD8F53 /* Recipe-iOS */,
			);
		};
/* End PBXProject section */

/* Begin PBXResourcesBuildPhase section */
		12487D6C299AD94900FD8F53 /* Resources */ = {
			isa = PBXResourcesBuildPhase;
			buildActionMask = 2147483647;
			files = (
				12487D81299AD94900FD8F53 /* LaunchScreen.storyboard in Resources */,
				12487D7E299AD94900FD8F53 /* Assets.xcassets in Resources */,
				12487D79299AD94900FD8F53 /* Main.storyboard in Resources */,
			);
			runOnlyForDeploymentPostprocessing = 0;
		};
/* End PBXResourcesBuildPhase section */

/* Begin PBXSourcesBuildPhase section */
		12487D6A299AD94900FD8F53 /* Sources */ = {
			isa = PBXSourcesBuildPhase;
			buildActionMask = 2147483647;
			files = (
				12E3FC90299AED3D00AC3077 /* RecipeListViewController.swift in Sources */,
				12E3FC92299AED5400AC3077 /* IngredientListViewController.swift in Sources */,
				12487D76299AD94900FD8F53 /* HomeViewController.swift in Sources */,
				12E3FC94299AEF5D00AC3077 /* DbClient.swift in Sources */,
				12487D7C299AD94900FD8F53 /* Recipe_iOS.xcdatamodeld in Sources */,
				12E3FC97299AF2AD00AC3077 /* K.swift in Sources */,
				12487D72299AD94900FD8F53 /* AppDelegate.swift in Sources */,
				12487D74299AD94900FD8F53 /* SceneDelegate.swift in Sources */,
			);
			runOnlyForDeploymentPostprocessing = 0;
		};
/* End PBXSourcesBuildPhase section */

/* Begin PBXVariantGroup section */
		12487D77299AD94900FD8F53 /* Main.storyboard */ = {
			isa = PBXVariantGroup;
			children = (
				12487D78299AD94900FD8F53 /* Base */,
			);
			name = Main.storyboard;
			sourceTree = "<group>";
		};
		12487D7F299AD94900FD8F53 /* LaunchScreen.storyboard */ = {
			isa = PBXVariantGroup;
			children = (
				12487D80299AD94900FD8F53 /* Base */,
			);
			name = LaunchScreen.storyboard;
			sourceTree = "<group>";
		};
/* End PBXVariantGroup section */

/* Begin XCBuildConfiguration section */
		12487D83299AD94900FD8F53 /* Debug */ = {
			isa = XCBuildConfiguration;
			buildSettings = {
				ALWAYS_SEARCH_USER_PATHS = NO;
				CLANG_ANALYZER_NONNULL = YES;
				CLANG_ANALYZER_NUMBER_OBJECT_CONVERSION = YES_AGGRESSIVE;
				CLANG_CXX_LANGUAGE_STANDARD = "gnu++20";
				CLANG_ENABLE_MODULES = YES;
				CLANG_ENABLE_OBJC_ARC = YES;
				CLANG_ENABLE_OBJC_WEAK = YES;
				CLANG_WARN_BLOCK_CAPTURE_AUTORELEASING = YES;
				CLANG_WARN_BOOL_CONVERSION = YES;
				CLANG_WARN_COMMA = YES;
				CLANG_WARN_CONSTANT_CONVERSION = YES;
				CLANG_WARN_DEPRECATED_OBJC_IMPLEMENTATIONS = YES;
				CLANG_WARN_DIRECT_OBJC_ISA_USAGE = YES_ERROR;
				CLANG_WARN_DOCUMENTATION_COMMENTS = YES;
				CLANG_WARN_EMPTY_BODY = YES;
				CLANG_WARN_ENUM_CONVERSION = YES;
				CLANG_WARN_INFINITE_RECURSION = YES;
				CLANG_WARN_INT_CONVERSION = YES;
				CLANG_WARN_NON_LITERAL_NULL_CONVERSION = YES;
				CLANG_WARN_OBJC_IMPLICIT_RETAIN_SELF = YES;
				CLANG_WARN_OBJC_LITERAL_CONVERSION = YES;
				CLANG_WARN_OBJC_ROOT_CLASS = YES_ERROR;
				CLANG_WARN_QUOTED_INCLUDE_IN_FRAMEWORK_HEADER = YES;
				CLANG_WARN_RANGE_LOOP_ANALYSIS = YES;
				CLANG_WARN_STRICT_PROTOTYPES = YES;
				CLANG_WARN_SUSPICIOUS_MOVE = YES;
				CLANG_WARN_UNGUARDED_AVAILABILITY = YES_AGGRESSIVE;
				CLANG_WARN_UNREACHABLE_CODE = YES;
				CLANG_WARN__DUPLICATE_METHOD_MATCH = YES;
				COPY_PHASE_STRIP = NO;
				DEBUG_INFORMATION_FORMAT = dwarf;
				ENABLE_STRICT_OBJC_MSGSEND = YES;
				ENABLE_TESTABILITY = YES;
				GCC_C_LANGUAGE_STANDARD = gnu11;
				GCC_DYNAMIC_NO_PIC = NO;
				GCC_NO_COMMON_BLOCKS = YES;
				GCC_OPTIMIZATION_LEVEL = 0;
				GCC_PREPROCESSOR_DEFINITIONS = (
					"DEBUG=1",
					"$(inherited)",
				);
				GCC_WARN_64_TO_32_BIT_CONVERSION = YES;
				GCC_WARN_ABOUT_RETURN_TYPE = YES_ERROR;
				GCC_WARN_UNDECLARED_SELECTOR = YES;
				GCC_WARN_UNINITIALIZED_AUTOS = YES_AGGRESSIVE;
				GCC_WARN_UNUSED_FUNCTION = YES;
				GCC_WARN_UNUSED_VARIABLE = YES;
				IPHONEOS_DEPLOYMENT_TARGET = 16.2;
				MTL_ENABLE_DEBUG_INFO = INCLUDE_SOURCE;
				MTL_FAST_MATH = YES;
				ONLY_ACTIVE_ARCH = YES;
				SDKROOT = iphoneos;
				SWIFT_ACTIVE_COMPILATION_CONDITIONS = DEBUG;
				SWIFT_OPTIMIZATION_LEVEL = "-Onone";
			};
			name = Debug;
		};
		12487D84299AD94900FD8F53 /* Release */ = {
			isa = XCBuildConfiguration;
			buildSettings = {
				ALWAYS_SEARCH_USER_PATHS = NO;
				CLANG_ANALYZER_NONNULL = YES;
				CLANG_ANALYZER_NUMBER_OBJECT_CONVERSION = YES_AGGRESSIVE;
				CLANG_CXX_LANGUAGE_STANDARD = "gnu++20";
				CLANG_ENABLE_MODULES = YES;
				CLANG_ENABLE_OBJC_ARC = YES;
				CLANG_ENABLE_OBJC_WEAK = YES;
				CLANG_WARN_BLOCK_CAPTURE_AUTORELEASING = YES;
				CLANG_WARN_BOOL_CONVERSION = YES;
				CLANG_WARN_COMMA = YES;
				CLANG_WARN_CONSTANT_CONVERSION = YES;
				CLANG_WARN_DEPRECATED_OBJC_IMPLEMENTATIONS = YES;
				CLANG_WARN_DIRECT_OBJC_ISA_USAGE = YES_ERROR;
				CLANG_WARN_DOCUMENTATION_COMMENTS = YES;
				CLANG_WARN_EMPTY_BODY = YES;
				CLANG_WARN_ENUM_CONVERSION = YES;
				CLANG_WARN_INFINITE_RECURSION = YES;
				CLANG_WARN_INT_CONVERSION = YES;
				CLANG_WARN_NON_LITERAL_NULL_CONVERSION = YES;
				CLANG_WARN_OBJC_IMPLICIT_RETAIN_SELF = YES;
				CLANG_WARN_OBJC_LITERAL_CONVERSION = YES;
				CLANG_WARN_OBJC_ROOT_CLASS = YES_ERROR;
				CLANG_WARN_QUOTED_INCLUDE_IN_FRAMEWORK_HEADER = YES;
				CLANG_WARN_RANGE_LOOP_ANALYSIS = YES;
				CLANG_WARN_STRICT_PROTOTYPES = YES;
				CLANG_WARN_SUSPICIOUS_MOVE = YES;
				CLANG_WARN_UNGUARDED_AVAILABILITY = YES_AGGRESSIVE;
				CLANG_WARN_UNREACHABLE_CODE = YES;
				CLANG_WARN__DUPLICATE_METHOD_MATCH = YES;
				COPY_PHASE_STRIP = NO;
				DEBUG_INFORMATION_FORMAT = "dwarf-with-dsym";
				ENABLE_NS_ASSERTIONS = NO;
				ENABLE_STRICT_OBJC_MSGSEND = YES;
				GCC_C_LANGUAGE_STANDARD = gnu11;
				GCC_NO_COMMON_BLOCKS = YES;
				GCC_WARN_64_TO_32_BIT_CONVERSION = YES;
				GCC_WARN_ABOUT_RETURN_TYPE = YES_ERROR;
				GCC_WARN_UNDECLARED_SELECTOR = YES;
				GCC_WARN_UNINITIALIZED_AUTOS = YES_AGGRESSIVE;
				GCC_WARN_UNUSED_FUNCTION = YES;
				GCC_WARN_UNUSED_VARIABLE = YES;
				IPHONEOS_DEPLOYMENT_TARGET = 16.2;
				MTL_ENABLE_DEBUG_INFO = NO;
				MTL_FAST_MATH = YES;
				SDKROOT = iphoneos;
				SWIFT_COMPILATION_MODE = wholemodule;
				SWIFT_OPTIMIZATION_LEVEL = "-O";
				VALIDATE_PRODUCT = YES;
			};
			name = Release;
		};
		12487D86299AD94900FD8F53 /* Debug */ = {
			isa = XCBuildConfiguration;
			buildSettings = {
				ASSETCATALOG_COMPILER_APPICON_NAME = AppIcon;
				ASSETCATALOG_COMPILER_GLOBAL_ACCENT_COLOR_NAME = AccentColor;
				CODE_SIGN_STYLE = Automatic;
				CURRENT_PROJECT_VERSION = 1;
				DEVELOPMENT_TEAM = 44KRYXQM3H;
				GENERATE_INFOPLIST_FILE = YES;
				INFOPLIST_FILE = "Recipe-iOS/Info.plist";
				INFOPLIST_KEY_UIApplicationSupportsIndirectInputEvents = YES;
				INFOPLIST_KEY_UILaunchStoryboardName = LaunchScreen;
				INFOPLIST_KEY_UIMainStoryboardFile = Main;
				INFOPLIST_KEY_UISupportedInterfaceOrientations_iPad = "UIInterfaceOrientationPortrait UIInterfaceOrientationPortraitUpsideDown UIInterfaceOrientationLandscapeLeft UIInterfaceOrientationLandscapeRight";
				INFOPLIST_KEY_UISupportedInterfaceOrientations_iPhone = "UIInterfaceOrientationPortrait UIInterfaceOrientationLandscapeLeft UIInterfaceOrientationLandscapeRight";
				LD_RUNPATH_SEARCH_PATHS = (
					"$(inherited)",
					"@executable_path/Frameworks",
				);
				MARKETING_VERSION = 1.0;
				PRODUCT_BUNDLE_IDENTIFIER = "com.samadadeleke.Recipe-iOS";
				PRODUCT_NAME = "$(TARGET_NAME)";
				SWIFT_EMIT_LOC_STRINGS = YES;
				SWIFT_VERSION = 5.0;
				TARGETED_DEVICE_FAMILY = "1,2";
			};
			name = Debug;
		};
		12487D87299AD94900FD8F53 /* Release */ = {
			isa = XCBuildConfiguration;
			buildSettings = {
				ASSETCATALOG_COMPILER_APPICON_NAME = AppIcon;
				ASSETCATALOG_COMPILER_GLOBAL_ACCENT_COLOR_NAME = AccentColor;
				CODE_SIGN_STYLE = Automatic;
				CURRENT_PROJECT_VERSION = 1;
				DEVELOPMENT_TEAM = 44KRYXQM3H;
				GENERATE_INFOPLIST_FILE = YES;
				INFOPLIST_FILE = "Recipe-iOS/Info.plist";
				INFOPLIST_KEY_UIApplicationSupportsIndirectInputEvents = YES;
				INFOPLIST_KEY_UILaunchStoryboardName = LaunchScreen;
				INFOPLIST_KEY_UIMainStoryboardFile = Main;
				INFOPLIST_KEY_UISupportedInterfaceOrientations_iPad = "UIInterfaceOrientationPortrait UIInterfaceOrientationPortraitUpsideDown UIInterfaceOrientationLandscapeLeft UIInterfaceOrientationLandscapeRight";
				INFOPLIST_KEY_UISupportedInterfaceOrientations_iPhone = "UIInterfaceOrientationPortrait UIInterfaceOrientationLandscapeLeft UIInterfaceOrientationLandscapeRight";
				LD_RUNPATH_SEARCH_PATHS = (
					"$(inherited)",
					"@executable_path/Frameworks",
				);
				MARKETING_VERSION = 1.0;
				PRODUCT_BUNDLE_IDENTIFIER = "com.samadadeleke.Recipe-iOS";
				PRODUCT_NAME = "$(TARGET_NAME)";
				SWIFT_EMIT_LOC_STRINGS = YES;
				SWIFT_VERSION = 5.0;
				TARGETED_DEVICE_FAMILY = "1,2";
			};
			name = Release;
		};
/* End XCBuildConfiguration section */

/* Begin XCConfigurationList section */
		12487D69299AD94900FD8F53 /* Build configuration list for PBXProject "Recipe-iOS" */ = {
			isa = XCConfigurationList;
			buildConfigurations = (
				12487D83299AD94900FD8F53 /* Debug */,
				12487D84299AD94900FD8F53 /* Release */,
			);
			defaultConfigurationIsVisible = 0;
			defaultConfigurationName = Release;
		};
		12487D85299AD94900FD8F53 /* Build configuration list for PBXNativeTarget "Recipe-iOS" */ = {
			isa = XCConfigurationList;
			buildConfigurations = (
				12487D86299AD94900FD8F53 /* Debug */,
				12487D87299AD94900FD8F53 /* Release */,
			);
			defaultConfigurationIsVisible = 0;
			defaultConfigurationName = Release;
		};
/* End XCConfigurationList section */

/* Begin XCVersionGroup section */
		12487D7A299AD94900FD8F53 /* Recipe_iOS.xcdatamodeld */ = {
			isa = XCVersionGroup;
			children = (
				12487D7B299AD94900FD8F53 /* Recipe_iOS.xcdatamodel */,
			);
			currentVersion = 12487D7B299AD94900FD8F53 /* Recipe_iOS.xcdatamodel */;
			path = Recipe_iOS.xcdatamodeld;
			sourceTree = "<group>";
			versionGroupType = wrapper.xcdatamodel;
		};
/* End XCVersionGroup section */
	};
	rootObject = 12487D66299AD94900FD8F53 /* Project object */;
}
